
Microsoft Visual Studio Solution File, Format Version 12.00
# Visual Studio Version 17
VisualStudioVersion = 17.0.31903.59
MinimumVisualStudioVersion = 10.0.40219.1
Project("{FAE04EC0-301F-11D3-BF4B-00C04F79EFBC}") = "Meadowlark.Net.Frontend.MinimalAPI", "Meadowlark.Net.Frontend.MinimalAPI\Meadowlark.Net.Frontend.MinimalAPI.csproj", "{BBD0443F-170F-4C88-9412-1A3C0F38C534}"
EndProject
Project("{FAE04EC0-301F-11D3-BF4B-00C04F79EFBC}") = "Meadowlark.Net.Core", "Meadowlark.Net.Core\Meadowlark.Net.Core.csproj", "{94432F90-DE9C-4E69-A4DD-D4EEA31DE5C3}"
EndProject
Global
	GlobalSection(SolutionConfigurationPlatforms) = preSolution
		Debug|Any CPU = Debug|Any CPU
		Release|Any CPU = Release|Any CPU
	EndGlobalSection
	GlobalSection(SolutionProperties) = preSolution
		HideSolutionNode = FALSE
	EndGlobalSection
	GlobalSection(ProjectConfigurationPlatforms) = postSolution
		{BBD0443F-170F-4C88-9412-1A3C0F38C534}.Debug|Any CPU.ActiveCfg = Debug|Any CPU
		{BBD0443F-170F-4C88-9412-1A3C0F38C534}.Debug|Any CPU.Build.0 = Debug|Any CPU
		{BBD0443F-170F-4C88-9412-1A3C0F38C534}.Release|Any CPU.ActiveCfg = Release|Any CPU
		{BBD0443F-170F-4C88-9412-1A3C0F38C534}.Release|Any CPU.Build.0 = Release|Any CPU
		{94432F90-DE9C-4E69-A4DD-D4EEA31DE5C3}.Debug|Any CPU.ActiveCfg = Debug|Any CPU
		{94432F90-DE9C-4E69-A4DD-D4EEA31DE5C3}.Debug|Any CPU.Build.0 = Debug|Any CPU
		{94432F90-DE9C-4E69-A4DD-D4EEA31DE5C3}.Release|Any CPU.ActiveCfg = Release|Any CPU
		{94432F90-DE9C-4E69-A4DD-D4EEA31DE5C3}.Release|Any CPU.Build.0 = Release|Any CPU
		{F7B239AD-5A50-49FB-A6C7-36B40484CB6E}.Debug|Any CPU.ActiveCfg = Debug|Any CPU
		{F7B239AD-5A50-49FB-A6C7-36B40484CB6E}.Debug|Any CPU.Build.0 = Debug|Any CPU
		{F7B239AD-5A50-49FB-A6C7-36B40484CB6E}.Release|Any CPU.ActiveCfg = Release|Any CPU
		{F7B239AD-5A50-49FB-A6C7-36B40484CB6E}.Release|Any CPU.Build.0 = Release|Any CPU
	EndGlobalSection
EndGlobal
